
Microsoft Visual Studio Solution File, Format Version 12.00
# Visual Studio Version 16
VisualStudioVersion = 16.0.31829.152
MinimumVisualStudioVersion = 10.0.40219.1
Project("{FAE04EC0-301F-11D3-BF4B-00C04F79EFBC}") = "RobotsInMars", "RobotsInMars.csproj", "{4300173F-7007-4C47-858C-CDDF429BAAEF}"
EndProject
Global
	GlobalSection(SolutionConfigurationPlatforms) = preSolution
		Debug|Any CPU = Debug|Any CPU
		Release|Any CPU = Release|Any CPU
	EndGlobalSection
	GlobalSection(ProjectConfigurationPlatforms) = postSolution
		{4300173F-7007-4C47-858C-CDDF429BAAEF}.Debug|Any CPU.ActiveCfg = Debug|Any CPU
		{4300173F-7007-4C47-858C-CDDF429BAAEF}.Debug|Any CPU.Build.0 = Debug|Any CPU
		{4300173F-7007-4C47-858C-CDDF429BAAEF}.Release|Any CPU.ActiveCfg = Release|Any CPU
		{4300173F-7007-4C47-858C-CDDF429BAAEF}.Release|Any CPU.Build.0 = Release|Any CPU
	EndGlobalSection
	GlobalSection(SolutionProperties) = preSolution
		HideSolutionNode = FALSE
	EndGlobalSection
	GlobalSection(ExtensibilityGlobals) = postSolution
		SolutionGuid = {A9124C3F-9DCA-4A54-B5E8-6A3CA7B0882F}
	EndGlobalSection
EndGlobal
